
Microsoft Visual Studio Solution File, Format Version 12.00
# Visual Studio Version 17
VisualStudioVersion = 17.4.33103.184
MinimumVisualStudioVersion = 10.0.40219.1
Project("{9A19103F-16F7-4668-BE54-9A1E7A4F7556}") = "Buttplug.Net", "source\Buttplug.Net\Buttplug.Net.csproj", "{0E9C3205-7AF4-4CC2-82D9-64A5AD71510F}"
EndProject
Project("{9A19103F-16F7-4668-BE54-9A1E7A4F7556}") = "Buttplug.Net.NewtonsoftJson", "source\Buttplug.Net.NewtonsoftJson\Buttplug.Net.NewtonsoftJson.csproj", "{DA703D6A-581D-4006-80AB-87D394AFA7F7}"
EndProject
Project("{9A19103F-16F7-4668-BE54-9A1E7A4F7556}") = "Buttplug.Net.SystemTextJson", "source\Buttplug.Net.SystemTextJson\Buttplug.Net.SystemTextJson.csproj", "{3EB3857A-4EE0-40E9-90E7-CA330EF53369}"
EndProject
Project("{2150E333-8FDC-42A3-9474-1A3956D46DE8}") = "Source", "Source", "{C47DF3EB-CFF8-4085-B4B9-8FEC247A9732}"
	ProjectSection(SolutionItems) = preProject
		source\Directory.Build.props = source\Directory.Build.props
	EndProjectSection
EndProject
Project("{2150E333-8FDC-42A3-9474-1A3956D46DE8}") = "Solution Items", "Solution Items", "{8FF00F2A-A38D-4DEA-9C5A-C2D0649044C0}"
	ProjectSection(SolutionItems) = preProject
		GitVersion.yml = GitVersion.yml
		LICENSE.md = LICENSE.md
		README.md = README.md
	EndProjectSection
EndProject
Project("{2150E333-8FDC-42A3-9474-1A3956D46DE8}") = "Tests", "Tests", "{C4C672C1-8015-4E01-AD04-A33198E4FEBF}"
	ProjectSection(SolutionItems) = preProject
		tests\Directory.Build.props = tests\Directory.Build.props
	EndProjectSection
EndProject
Project("{9A19103F-16F7-4668-BE54-9A1E7A4F7556}") = "Buttplug.Net.Tests", "tests\Buttplug.Net.Tests\Buttplug.Net.Tests.csproj", "{C01BBA32-B2E0-487E-B733-A57F7DD5E376}"
EndProject
Project("{9A19103F-16F7-4668-BE54-9A1E7A4F7556}") = "Buttplug.Net.NewtonsoftJson.Tests", "tests\Buttplug.Net.NewtonsoftJson.Tests\Buttplug.Net.NewtonsoftJson.Tests.csproj", "{7594BF11-F794-43E3-BB11-599E49A937E8}"
EndProject
Project("{9A19103F-16F7-4668-BE54-9A1E7A4F7556}") = "Buttplug.Net.SystemTextJson.Tests", "tests\Buttplug.Net.SystemTextJson.Tests\Buttplug.Net.SystemTextJson.Tests.csproj", "{D6A75E30-1EB5-4E84-8BAA-7DFE2CDFE820}"
EndProject
Project("{2150E333-8FDC-42A3-9474-1A3956D46DE8}") = "Samples", "Samples", "{6A0EE27F-D0F5-49D4-827F-3DC57FFA74CE}"
	ProjectSection(SolutionItems) = preProject
		samples\Directory.Build.props = samples\Directory.Build.props
	EndProjectSection
EndProject
Project("{9A19103F-16F7-4668-BE54-9A1E7A4F7556}") = "VibrateAllDevices", "samples\VibrateAllDevices\VibrateAllDevices.csproj", "{F326928B-F2F0-4DEB-B9EA-24CE72792F6F}"
EndProject
Global
	GlobalSection(SolutionConfigurationPlatforms) = preSolution
		Debug|Any CPU = Debug|Any CPU
		Release|Any CPU = Release|Any CPU
	EndGlobalSection
	GlobalSection(ProjectConfigurationPlatforms) = postSolution
		{0E9C3205-7AF4-4CC2-82D9-64A5AD71510F}.Debug|Any CPU.ActiveCfg = Debug|Any CPU
		{0E9C3205-7AF4-4CC2-82D9-64A5AD71510F}.Debug|Any CPU.Build.0 = Debug|Any CPU
		{0E9C3205-7AF4-4CC2-82D9-64A5AD71510F}.Release|Any CPU.ActiveCfg = Release|Any CPU
		{0E9C3205-7AF4-4CC2-82D9-64A5AD71510F}.Release|Any CPU.Build.0 = Release|Any CPU
		{DA703D6A-581D-4006-80AB-87D394AFA7F7}.Debug|Any CPU.ActiveCfg = Debug|Any CPU
		{DA703D6A-581D-4006-80AB-87D394AFA7F7}.Debug|Any CPU.Build.0 = Debug|Any CPU
		{DA703D6A-581D-4006-80AB-87D394AFA7F7}.Release|Any CPU.ActiveCfg = Release|Any CPU
		{DA703D6A-581D-4006-80AB-87D394AFA7F7}.Release|Any CPU.Build.0 = Release|Any CPU
		{3EB3857A-4EE0-40E9-90E7-CA330EF53369}.Debug|Any CPU.ActiveCfg = Debug|Any CPU
		{3EB3857A-4EE0-40E9-90E7-CA330EF53369}.Debug|Any CPU.Build.0 = Debug|Any CPU
		{3EB3857A-4EE0-40E9-90E7-CA330EF53369}.Release|Any CPU.ActiveCfg = Release|Any CPU
		{3EB3857A-4EE0-40E9-90E7-CA330EF53369}.Release|Any CPU.Build.0 = Release|Any CPU
		{C01BBA32-B2E0-487E-B733-A57F7DD5E376}.Debug|Any CPU.ActiveCfg = Debug|Any CPU
		{C01BBA32-B2E0-487E-B733-A57F7DD5E376}.Debug|Any CPU.Build.0 = Debug|Any CPU
		{C01BBA32-B2E0-487E-B733-A57F7DD5E376}.Release|Any CPU.ActiveCfg = Release|Any CPU
		{C01BBA32-B2E0-487E-B733-A57F7DD5E376}.Release|Any CPU.Build.0 = Release|Any CPU
		{7594BF11-F794-43E3-BB11-599E49A937E8}.Debug|Any CPU.ActiveCfg = Debug|Any CPU
		{7594BF11-F794-43E3-BB11-599E49A937E8}.Debug|Any CPU.Build.0 = Debug|Any CPU
		{7594BF11-F794-43E3-BB11-599E49A937E8}.Release|Any CPU.ActiveCfg = Release|Any CPU
		{7594BF11-F794-43E3-BB11-599E49A937E8}.Release|Any CPU.Build.0 = Release|Any CPU
		{D6A75E30-1EB5-4E84-8BAA-7DFE2CDFE820}.Debug|Any CPU.ActiveCfg = Debug|Any CPU
		{D6A75E30-1EB5-4E84-8BAA-7DFE2CDFE820}.Debug|Any CPU.Build.0 = Debug|Any CPU
		{D6A75E30-1EB5-4E84-8BAA-7DFE2CDFE820}.Release|Any CPU.ActiveCfg = Release|Any CPU
		{D6A75E30-1EB5-4E84-8BAA-7DFE2CDFE820}.Release|Any CPU.Build.0 = Release|Any CPU
		{F326928B-F2F0-4DEB-B9EA-24CE72792F6F}.Debug|Any CPU.ActiveCfg = Debug|Any CPU
		{F326928B-F2F0-4DEB-B9EA-24CE72792F6F}.Debug|Any CPU.Build.0 = Debug|Any CPU
		{F326928B-F2F0-4DEB-B9EA-24CE72792F6F}.Release|Any CPU.ActiveCfg = Release|Any CPU
		{F326928B-F2F0-4DEB-B9EA-24CE72792F6F}.Release|Any CPU.Build.0 = Release|Any CPU
	EndGlobalSection
	GlobalSection(SolutionProperties) = preSolution
		HideSolutionNode = FALSE
	EndGlobalSection
	GlobalSection(NestedProjects) = preSolution
		{0E9C3205-7AF4-4CC2-82D9-64A5AD71510F} = {C47DF3EB-CFF8-4085-B4B9-8FEC247A9732}
		{DA703D6A-581D-4006-80AB-87D394AFA7F7} = {C47DF3EB-CFF8-4085-B4B9-8FEC247A9732}
		{3EB3857A-4EE0-40E9-90E7-CA330EF53369} = {C47DF3EB-CFF8-4085-B4B9-8FEC247A9732}
		{C01BBA32-B2E0-487E-B733-A57F7DD5E376} = {C4C672C1-8015-4E01-AD04-A33198E4FEBF}
		{7594BF11-F794-43E3-BB11-599E49A937E8} = {C4C672C1-8015-4E01-AD04-A33198E4FEBF}
		{D6A75E30-1EB5-4E84-8BAA-7DFE2CDFE820} = {C4C672C1-8015-4E01-AD04-A33198E4FEBF}
		{F326928B-F2F0-4DEB-B9EA-24CE72792F6F} = {6A0EE27F-D0F5-49D4-827F-3DC57FFA74CE}
	EndGlobalSection
	GlobalSection(ExtensibilityGlobals) = postSolution
		SolutionGuid = {2FAFAF5C-0177-4759-BD1E-CB238F7B4E05}
	EndGlobalSection
EndGlobal
